// !$*UTF8*$!
{
	archiveVersion = 1;
	classes = {
	};
	objectVersion = 46;
	objects = {

/* Begin PBXBuildFile section */
		F84A2EEA1CC47F8A001C3F37 /* Info.plist in Resources */ = {isa = PBXBuildFile; fileRef = F84A2ED01CC47F8A001C3F37 /* Info.plist */; };
		F84A2EEB1CC47F8A001C3F37 /* MASCompositeConstraint.m in Sources */ = {isa = PBXBuildFile; fileRef = F84A2ED21CC47F8A001C3F37 /* MASCompositeConstraint.m */; };
		F84A2EEC1CC47F8A001C3F37 /* MASConstraint.m in Sources */ = {isa = PBXBuildFile; fileRef = F84A2ED51CC47F8A001C3F37 /* MASConstraint.m */; };
		F84A2EED1CC47F8A001C3F37 /* MASConstraintMaker.m in Sources */ = {isa = PBXBuildFile; fileRef = F84A2ED71CC47F8A001C3F37 /* MASConstraintMaker.m */; };
		F84A2EEE1CC47F8A001C3F37 /* MASLayoutConstraint.m in Sources */ = {isa = PBXBuildFile; fileRef = F84A2ED91CC47F8A001C3F37 /* MASLayoutConstraint.m */; };
		F84A2EEF1CC47F8A001C3F37 /* MASViewAttribute.m in Sources */ = {isa = PBXBuildFile; fileRef = F84A2EDD1CC47F8A001C3F37 /* MASViewAttribute.m */; };
		F84A2EF01CC47F8A001C3F37 /* MASViewConstraint.m in Sources */ = {isa = PBXBuildFile; fileRef = F84A2EDF1CC47F8A001C3F37 /* MASViewConstraint.m */; };
		F84A2EF11CC47F8A001C3F37 /* NSArray+MASAdditions.m in Sources */ = {isa = PBXBuildFile; fileRef = F84A2EE11CC47F8A001C3F37 /* NSArray+MASAdditions.m */; };
		F84A2EF21CC47F8A001C3F37 /* NSLayoutConstraint+MASDebugAdditions.m in Sources */ = {isa = PBXBuildFile; fileRef = F84A2EE41CC47F8A001C3F37 /* NSLayoutConstraint+MASDebugAdditions.m */; };
		F84A2EF31CC47F8A001C3F37 /* View+MASAdditions.m in Sources */ = {isa = PBXBuildFile; fileRef = F84A2EE61CC47F8A001C3F37 /* View+MASAdditions.m */; };
		F84A2EF41CC47F8A001C3F37 /* ViewController+MASAdditions.m in Sources */ = {isa = PBXBuildFile; fileRef = F84A2EE91CC47F8A001C3F37 /* ViewController+MASAdditions.m */; };
		F8501D791CC72F1500E74759 /* ViewController2.m in Sources */ = {isa = PBXBuildFile; fileRef = F8501D781CC72F1500E74759 /* ViewController2.m */; };
		F8B277E61CF0DEE200A21238 /* NSFileManager+AKTFileManager.m in Sources */ = {isa = PBXBuildFile; fileRef = F8B277AB1CF0DEE200A21238 /* NSFileManager+AKTFileManager.m */; };
		F8B277E71CF0DEE200A21238 /* NSObject+AKT.m in Sources */ = {isa = PBXBuildFile; fileRef = F8B277AD1CF0DEE200A21238 /* NSObject+AKT.m */; };
		F8B277E81CF0DEE200A21238 /* NSString+AKTFilePath.m in Sources */ = {isa = PBXBuildFile; fileRef = F8B277AF1CF0DEE200A21238 /* NSString+AKTFilePath.m */; };
		F8B277E91CF0DEE200A21238 /* UIImage+AKT.m in Sources */ = {isa = PBXBuildFile; fileRef = F8B277B21CF0DEE200A21238 /* UIImage+AKT.m */; };
		F8B277EA1CF0DEE200A21238 /* UILabel+Akt.m in Sources */ = {isa = PBXBuildFile; fileRef = F8B277B41CF0DEE200A21238 /* UILabel+Akt.m */; };
		F8B277EB1CF0DEE200A21238 /* UIView+AKT.m in Sources */ = {isa = PBXBuildFile; fileRef = F8B277B61CF0DEE200A21238 /* UIView+AKT.m */; };
		F8B277EC1CF0DEE200A21238 /* AKTImagePicker.m in Sources */ = {isa = PBXBuildFile; fileRef = F8B277BA1CF0DEE200A21238 /* AKTImagePicker.m */; };
		F8B277ED1CF0DEE200A21238 /* AKTInteractivePop.m in Sources */ = {isa = PBXBuildFile; fileRef = F8B277BD1CF0DEE200A21238 /* AKTInteractivePop.m */; };
		F8B277EE1CF0DEE200A21238 /* AKTNavigationController.m in Sources */ = {isa = PBXBuildFile; fileRef = F8B277BF1CF0DEE200A21238 /* AKTNavigationController.m */; };
		F8B277EF1CF0DEE200A21238 /* AKTNaviPopAnimation.m in Sources */ = {isa = PBXBuildFile; fileRef = F8B277C11CF0DEE200A21238 /* AKTNaviPopAnimation.m */; };
		F8B277F01CF0DEE200A21238 /* AKTNaviPushAnimation.m in Sources */ = {isa = PBXBuildFile; fileRef = F8B277C31CF0DEE200A21238 /* AKTNaviPushAnimation.m */; };
		F8B277F11CF0DEE200A21238 /* AKTScrollView.m in Sources */ = {isa = PBXBuildFile; fileRef = F8B277C51CF0DEE200A21238 /* AKTScrollView.m */; };
		F8B277F21CF0DEE200A21238 /* AKTTouchExtendView.m in Sources */ = {isa = PBXBuildFile; fileRef = F8B277C71CF0DEE200A21238 /* AKTTouchExtendView.m */; };
		F8B277F31CF0DEE200A21238 /* AKTDismissVCAnimation.m in Sources */ = {isa = PBXBuildFile; fileRef = F8B277CB1CF0DEE200A21238 /* AKTDismissVCAnimation.m */; };
		F8B277F41CF0DEE200A21238 /* AKTInteractiveDismiss.m in Sources */ = {isa = PBXBuildFile; fileRef = F8B277CD1CF0DEE200A21238 /* AKTInteractiveDismiss.m */; };
		F8B277F51CF0DEE200A21238 /* AKTNavigationBar.m in Sources */ = {isa = PBXBuildFile; fileRef = F8B277CF1CF0DEE200A21238 /* AKTNavigationBar.m */; };
		F8B277F61CF0DEE200A21238 /* AKTPresentVCAnimation.m in Sources */ = {isa = PBXBuildFile; fileRef = F8B277D11CF0DEE200A21238 /* AKTPresentVCAnimation.m */; };
		F8B277F71CF0DEE200A21238 /* AKTViewController.m in Sources */ = {isa = PBXBuildFile; fileRef = F8B277D31CF0DEE200A21238 /* AKTViewController.m */; };
		F8B277F81CF0DEE200A21238 /* AKTAttributeItem.m in Sources */ = {isa = PBXBuildFile; fileRef = F8B277D71CF0DEE200A21238 /* AKTAttributeItem.m */; };
		F8B277F91CF0DEE200A21238 /* AKTLayout.xmind in Resources */ = {isa = PBXBuildFile; fileRef = F8B277D81CF0DEE200A21238 /* AKTLayout.xmind */; };
		F8B277FA1CF0DEE200A21238 /* AKTLayoutAttribute.m in Sources */ = {isa = PBXBuildFile; fileRef = F8B277DA1CF0DEE200A21238 /* AKTLayoutAttribute.m */; };
		F8B277FB1CF0DEE200A21238 /* AKTLayoutShell.m in Sources */ = {isa = PBXBuildFile; fileRef = F8B277DC1CF0DEE200A21238 /* AKTLayoutShell.m */; };
		F8B277FC1CF0DEE200A21238 /* AKTReferenceConfiguration.m in Sources */ = {isa = PBXBuildFile; fileRef = F8B277DE1CF0DEE200A21238 /* AKTReferenceConfiguration.m */; };
		F8B277FD1CF0DEE200A21238 /* UIView+AKTLayout.m in Sources */ = {isa = PBXBuildFile; fileRef = F8B277E01CF0DEE200A21238 /* UIView+AKTLayout.m */; };
		F8B277FE1CF0DEE200A21238 /* AKTPublic.m in Sources */ = {isa = PBXBuildFile; fileRef = F8B277E21CF0DEE200A21238 /* AKTPublic.m */; };
		F8B277FF1CF0DEE200A21238 /* UIView+ViewAttribute.m in Sources */ = {isa = PBXBuildFile; fileRef = F8B277E51CF0DEE200A21238 /* UIView+ViewAttribute.m */; settings = {COMPILER_FLAGS = "-fno-objc-arc"; }; };
		F8B77AF51CC27C1F00906CB7 /* main.m in Sources */ = {isa = PBXBuildFile; fileRef = F8B77AF41CC27C1F00906CB7 /* main.m */; };
		F8B77AF81CC27C1F00906CB7 /* AppDelegate.m in Sources */ = {isa = PBXBuildFile; fileRef = F8B77AF71CC27C1F00906CB7 /* AppDelegate.m */; };
		F8B77AFB1CC27C1F00906CB7 /* ViewController.m in Sources */ = {isa = PBXBuildFile; fileRef = F8B77AFA1CC27C1F00906CB7 /* ViewController.m */; };
		F8B77AFE1CC27C1F00906CB7 /* Main.storyboard in Resources */ = {isa = PBXBuildFile; fileRef = F8B77AFC1CC27C1F00906CB7 /* Main.storyboard */; };
		F8B77B001CC27C1F00906CB7 /* Assets.xcassets in Resources */ = {isa = PBXBuildFile; fileRef = F8B77AFF1CC27C1F00906CB7 /* Assets.xcassets */; };
		F8B77B031CC27C1F00906CB7 /* LaunchScreen.storyboard in Resources */ = {isa = PBXBuildFile; fileRef = F8B77B011CC27C1F00906CB7 /* LaunchScreen.storyboard */; };
/* End PBXBuildFile section */

/* Begin PBXFileReference section */
		F84A2ED01CC47F8A001C3F37 /* Info.plist */ = {isa = PBXFileReference; fileEncoding = 4; lastKnownFileType = text.plist.xml; path = Info.plist; sourceTree = "<group>"; };
		F84A2ED11CC47F8A001C3F37 /* MASCompositeConstraint.h */ = {isa = PBXFileReference; fileEncoding = 4; lastKnownFileType = sourcecode.c.h; path = MASCompositeConstraint.h; sourceTree = "<group>"; };
		F84A2ED21CC47F8A001C3F37 /* MASCompositeConstraint.m */ = {isa = PBXFileReference; fileEncoding = 4; lastKnownFileType = sourcecode.c.objc; path = MASCompositeConstraint.m; sourceTree = "<group>"; };
		F84A2ED31CC47F8A001C3F37 /* MASConstraint+Private.h */ = {isa = PBXFileReference; fileEncoding = 4; lastKnownFileType = sourcecode.c.h; path = "MASConstraint+Private.h"; sourceTree = "<group>"; };
		F84A2ED41CC47F8A001C3F37 /* MASConstraint.h */ = {isa = PBXFileReference; fileEncoding = 4; lastKnownFileType = sourcecode.c.h; path = MASConstraint.h; sourceTree = "<group>"; };
		F84A2ED51CC47F8A001C3F37 /* MASConstraint.m */ = {isa = PBXFileReference; fileEncoding = 4; lastKnownFileType = sourcecode.c.objc; path = MASConstraint.m; sourceTree = "<group>"; };
		F84A2ED61CC47F8A001C3F37 /* MASConstraintMaker.h */ = {isa = PBXFileReference; fileEncoding = 4; lastKnownFileType = sourcecode.c.h; path = MASConstraintMaker.h; sourceTree = "<group>"; };
		F84A2ED71CC47F8A001C3F37 /* MASConstraintMaker.m */ = {isa = PBXFileReference; fileEncoding = 4; lastKnownFileType = sourcecode.c.objc; path = MASConstraintMaker.m; sourceTree = "<group>"; };
		F84A2ED81CC47F8A001C3F37 /* MASLayoutConstraint.h */ = {isa = PBXFileReference; fileEncoding = 4; lastKnownFileType = sourcecode.c.h; path = MASLayoutConstraint.h; sourceTree = "<group>"; };
		F84A2ED91CC47F8A001C3F37 /* MASLayoutConstraint.m */ = {isa = PBXFileReference; fileEncoding = 4; lastKnownFileType = sourcecode.c.objc; path = MASLayoutConstraint.m; sourceTree = "<group>"; };
		F84A2EDA1CC47F8A001C3F37 /* Masonry.h */ = {isa = PBXFileReference; fileEncoding = 4; lastKnownFileType = sourcecode.c.h; path = Masonry.h; sourceTree = "<group>"; };
		F84A2EDB1CC47F8A001C3F37 /* MASUtilities.h */ = {isa = PBXFileReference; fileEncoding = 4; lastKnownFileType = sourcecode.c.h; path = MASUtilities.h; sourceTree = "<group>"; };
		F84A2EDC1CC47F8A001C3F37 /* MASViewAttribute.h */ = {isa = PBXFileReference; fileEncoding = 4; lastKnownFileType = sourcecode.c.h; path = MASViewAttribute.h; sourceTree = "<group>"; };
		F84A2EDD1CC47F8A001C3F37 /* MASViewAttribute.m */ = {isa = PBXFileReference; fileEncoding = 4; lastKnownFileType = sourcecode.c.objc; path = MASViewAttribute.m; sourceTree = "<group>"; };
		F84A2EDE1CC47F8A001C3F37 /* MASViewConstraint.h */ = {isa = PBXFileReference; fileEncoding = 4; lastKnownFileType = sourcecode.c.h; path = MASViewConstraint.h; sourceTree = "<group>"; };
		F84A2EDF1CC47F8A001C3F37 /* MASViewConstraint.m */ = {isa = PBXFileReference; fileEncoding = 4; lastKnownFileType = sourcecode.c.objc; path = MASViewConstraint.m; sourceTree = "<group>"; };
		F84A2EE01CC47F8A001C3F37 /* NSArray+MASAdditions.h */ = {isa = PBXFileReference; fileEncoding = 4; lastKnownFileType = sourcecode.c.h; path = "NSArray+MASAdditions.h"; sourceTree = "<group>"; };
		F84A2EE11CC47F8A001C3F37 /* NSArray+MASAdditions.m */ = {isa = PBXFileReference; fileEncoding = 4; lastKnownFileType = sourcecode.c.objc; path = "NSArray+MASAdditions.m"; sourceTree = "<group>"; };
		F84A2EE21CC47F8A001C3F37 /* NSArray+MASShorthandAdditions.h */ = {isa = PBXFileReference; fileEncoding = 4; lastKnownFileType = sourcecode.c.h; path = "NSArray+MASShorthandAdditions.h"; sourceTree = "<group>"; };
		F84A2EE31CC47F8A001C3F37 /* NSLayoutConstraint+MASDebugAdditions.h */ = {isa = PBXFileReference; fileEncoding = 4; lastKnownFileType = sourcecode.c.h; path = "NSLayoutConstraint+MASDebugAdditions.h"; sourceTree = "<group>"; };
		F84A2EE41CC47F8A001C3F37 /* NSLayoutConstraint+MASDebugAdditions.m */ = {isa = PBXFileReference; fileEncoding = 4; lastKnownFileType = sourcecode.c.objc; path = "NSLayoutConstraint+MASDebugAdditions.m"; sourceTree = "<group>"; };
		F84A2EE51CC47F8A001C3F37 /* View+MASAdditions.h */ = {isa = PBXFileReference; fileEncoding = 4; lastKnownFileType = sourcecode.c.h; path = "View+MASAdditions.h"; sourceTree = "<group>"; };
		F84A2EE61CC47F8A001C3F37 /* View+MASAdditions.m */ = {isa = PBXFileReference; fileEncoding = 4; lastKnownFileType = sourcecode.c.objc; path = "View+MASAdditions.m"; sourceTree = "<group>"; };
		F84A2EE71CC47F8A001C3F37 /* View+MASShorthandAdditions.h */ = {isa = PBXFileReference; fileEncoding = 4; lastKnownFileType = sourcecode.c.h; path = "View+MASShorthandAdditions.h"; sourceTree = "<group>"; };
		F84A2EE81CC47F8A001C3F37 /* ViewController+MASAdditions.h */ = {isa = PBXFileReference; fileEncoding = 4; lastKnownFileType = sourcecode.c.h; path = "ViewController+MASAdditions.h"; sourceTree = "<group>"; };
		F84A2EE91CC47F8A001C3F37 /* ViewController+MASAdditions.m */ = {isa = PBXFileReference; fileEncoding = 4; lastKnownFileType = sourcecode.c.objc; path = "ViewController+MASAdditions.m"; sourceTree = "<group>"; };
		F8501D771CC72F1500E74759 /* ViewController2.h */ = {isa = PBXFileReference; fileEncoding = 4; lastKnownFileType = sourcecode.c.h; path = ViewController2.h; sourceTree = "<group>"; };
		F8501D781CC72F1500E74759 /* ViewController2.m */ = {isa = PBXFileReference; fileEncoding = 4; lastKnownFileType = sourcecode.c.objc; path = ViewController2.m; sourceTree = "<group>"; };
		F8B277A81CF0DEE200A21238 /* AKTCategory.h */ = {isa = PBXFileReference; fileEncoding = 4; lastKnownFileType = sourcecode.c.h; path = AKTCategory.h; sourceTree = "<group>"; };
		F8B277AA1CF0DEE200A21238 /* NSFileManager+AKTFileManager.h */ = {isa = PBXFileReference; fileEncoding = 4; lastKnownFileType = sourcecode.c.h; path = "NSFileManager+AKTFileManager.h"; sourceTree = "<group>"; };
		F8B277AB1CF0DEE200A21238 /* NSFileManager+AKTFileManager.m */ = {isa = PBXFileReference; fileEncoding = 4; lastKnownFileType = sourcecode.c.objc; path = "NSFileManager+AKTFileManager.m"; sourceTree = "<group>"; };
		F8B277AC1CF0DEE200A21238 /* NSObject+AKT.h */ = {isa = PBXFileReference; fileEncoding = 4; lastKnownFileType = sourcecode.c.h; path = "NSObject+AKT.h"; sourceTree = "<group>"; };
		F8B277AD1CF0DEE200A21238 /* NSObject+AKT.m */ = {isa = PBXFileReference; fileEncoding = 4; lastKnownFileType = sourcecode.c.objc; path = "NSObject+AKT.m"; sourceTree = "<group>"; };
		F8B277AE1CF0DEE200A21238 /* NSString+AKTFilePath.h */ = {isa = PBXFileReference; fileEncoding = 4; lastKnownFileType = sourcecode.c.h; path = "NSString+AKTFilePath.h"; sourceTree = "<group>"; };
		F8B277AF1CF0DEE200A21238 /* NSString+AKTFilePath.m */ = {isa = PBXFileReference; fileEncoding = 4; lastKnownFileType = sourcecode.c.objc; path = "NSString+AKTFilePath.m"; sourceTree = "<group>"; };
		F8B277B11CF0DEE200A21238 /* UIImage+AKT.h */ = {isa = PBXFileReference; fileEncoding = 4; lastKnownFileType = sourcecode.c.h; path = "UIImage+AKT.h"; sourceTree = "<group>"; };
		F8B277B21CF0DEE200A21238 /* UIImage+AKT.m */ = {isa = PBXFileReference; fileEncoding = 4; lastKnownFileType = sourcecode.c.objc; path = "UIImage+AKT.m"; sourceTree = "<group>"; };
		F8B277B31CF0DEE200A21238 /* UILabel+Akt.h */ = {isa = PBXFileReference; fileEncoding = 4; lastKnownFileType = sourcecode.c.h; path = "UILabel+Akt.h"; sourceTree = "<group>"; };
		F8B277B41CF0DEE200A21238 /* UILabel+Akt.m */ = {isa = PBXFileReference; fileEncoding = 4; lastKnownFileType = sourcecode.c.objc; path = "UILabel+Akt.m"; sourceTree = "<group>"; };
		F8B277B51CF0DEE200A21238 /* UIView+AKT.h */ = {isa = PBXFileReference; fileEncoding = 4; lastKnownFileType = sourcecode.c.h; path = "UIView+AKT.h"; sourceTree = "<group>"; };
		F8B277B61CF0DEE200A21238 /* UIView+AKT.m */ = {isa = PBXFileReference; fileEncoding = 4; lastKnownFileType = sourcecode.c.objc; path = "UIView+AKT.m"; sourceTree = "<group>"; };
		F8B277B91CF0DEE200A21238 /* AKTImagePicker.h */ = {isa = PBXFileReference; fileEncoding = 4; lastKnownFileType = sourcecode.c.h; path = AKTImagePicker.h; sourceTree = "<group>"; };
		F8B277BA1CF0DEE200A21238 /* AKTImagePicker.m */ = {isa = PBXFileReference; fileEncoding = 4; lastKnownFileType = sourcecode.c.objc; path = AKTImagePicker.m; sourceTree = "<group>"; };
		F8B277BC1CF0DEE200A21238 /* AKTInteractivePop.h */ = {isa = PBXFileReference; fileEncoding = 4; lastKnownFileType = sourcecode.c.h; path = AKTInteractivePop.h; sourceTree = "<group>"; };
		F8B277BD1CF0DEE200A21238 /* AKTInteractivePop.m */ = {isa = PBXFileReference; fileEncoding = 4; lastKnownFileType = sourcecode.c.objc; path = AKTInteractivePop.m; sourceTree = "<group>"; };
		F8B277BE1CF0DEE200A21238 /* AKTNavigationController.h */ = {isa = PBXFileReference; fileEncoding = 4; lastKnownFileType = sourcecode.c.h; path = AKTNavigationController.h; sourceTree = "<group>"; };
		F8B277BF1CF0DEE200A21238 /* AKTNavigationController.m */ = {isa = PBXFileReference; fileEncoding = 4; lastKnownFileType = sourcecode.c.objc; path = AKTNavigationController.m; sourceTree = "<group>"; };
		F8B277C01CF0DEE200A21238 /* AKTNaviPopAnimation.h */ = {isa = PBXFileReference; fileEncoding = 4; lastKnownFileType = sourcecode.c.h; path = AKTNaviPopAnimation.h; sourceTree = "<group>"; };
		F8B277C11CF0DEE200A21238 /* AKTNaviPopAnimation.m */ = {isa = PBXFileReference; fileEncoding = 4; lastKnownFileType = sourcecode.c.objc; path = AKTNaviPopAnimation.m; sourceTree = "<group>"; };
		F8B277C21CF0DEE200A21238 /* AKTNaviPushAnimation.h */ = {isa = PBXFileReference; fileEncoding = 4; lastKnownFileType = sourcecode.c.h; path = AKTNaviPushAnimation.h; sourceTree = "<group>"; };
		F8B277C31CF0DEE200A21238 /* AKTNaviPushAnimation.m */ = {isa = PBXFileReference; fileEncoding = 4; lastKnownFileType = sourcecode.c.objc; path = AKTNaviPushAnimation.m; sourceTree = "<group>"; };
		F8B277C41CF0DEE200A21238 /* AKTScrollView.h */ = {isa = PBXFileReference; fileEncoding = 4; lastKnownFileType = sourcecode.c.h; path = AKTScrollView.h; sourceTree = "<group>"; };
		F8B277C51CF0DEE200A21238 /* AKTScrollView.m */ = {isa = PBXFileReference; fileEncoding = 4; lastKnownFileType = sourcecode.c.objc; path = AKTScrollView.m; sourceTree = "<group>"; };
		F8B277C61CF0DEE200A21238 /* AKTTouchExtendView.h */ = {isa = PBXFileReference; fileEncoding = 4; lastKnownFileType = sourcecode.c.h; path = AKTTouchExtendView.h; sourceTree = "<group>"; };
		F8B277C71CF0DEE200A21238 /* AKTTouchExtendView.m */ = {isa = PBXFileReference; fileEncoding = 4; lastKnownFileType = sourcecode.c.objc; path = AKTTouchExtendView.m; sourceTree = "<group>"; };
		F8B277C81CF0DEE200A21238 /* AKTUI.h */ = {isa = PBXFileReference; fileEncoding = 4; lastKnownFileType = sourcecode.c.h; path = AKTUI.h; sourceTree = "<group>"; };
		F8B277CA1CF0DEE200A21238 /* AKTDismissVCAnimation.h */ = {isa = PBXFileReference; fileEncoding = 4; lastKnownFileType = sourcecode.c.h; path = AKTDismissVCAnimation.h; sourceTree = "<group>"; };
		F8B277CB1CF0DEE200A21238 /* AKTDismissVCAnimation.m */ = {isa = PBXFileReference; fileEncoding = 4; lastKnownFileType = sourcecode.c.objc; path = AKTDismissVCAnimation.m; sourceTree = "<group>"; };
		F8B277CC1CF0DEE200A21238 /* AKTInteractiveDismiss.h */ = {isa = PBXFileReference; fileEncoding = 4; lastKnownFileType = sourcecode.c.h; path = AKTInteractiveDismiss.h; sourceTree = "<group>"; };
		F8B277CD1CF0DEE200A21238 /* AKTInteractiveDismiss.m */ = {isa = PBXFileReference; fileEncoding = 4; lastKnownFileType = sourcecode.c.objc; path = AKTInteractiveDismiss.m; sourceTree = "<group>"; };
		F8B277CE1CF0DEE200A21238 /* AKTNavigationBar.h */ = {isa = PBXFileReference; fileEncoding = 4; lastKnownFileType = sourcecode.c.h; path = AKTNavigationBar.h; sourceTree = "<group>"; };
		F8B277CF1CF0DEE200A21238 /* AKTNavigationBar.m */ = {isa = PBXFileReference; fileEncoding = 4; lastKnownFileType = sourcecode.c.objc; path = AKTNavigationBar.m; sourceTree = "<group>"; };
		F8B277D01CF0DEE200A21238 /* AKTPresentVCAnimation.h */ = {isa = PBXFileReference; fileEncoding = 4; lastKnownFileType = sourcecode.c.h; path = AKTPresentVCAnimation.h; sourceTree = "<group>"; };
		F8B277D11CF0DEE200A21238 /* AKTPresentVCAnimation.m */ = {isa = PBXFileReference; fileEncoding = 4; lastKnownFileType = sourcecode.c.objc; path = AKTPresentVCAnimation.m; sourceTree = "<group>"; };
		F8B277D21CF0DEE200A21238 /* AKTViewController.h */ = {isa = PBXFileReference; fileEncoding = 4; lastKnownFileType = sourcecode.c.h; path = AKTViewController.h; sourceTree = "<group>"; };
		F8B277D31CF0DEE200A21238 /* AKTViewController.m */ = {isa = PBXFileReference; fileEncoding = 4; lastKnownFileType = sourcecode.c.objc; path = AKTViewController.m; sourceTree = "<group>"; };
		F8B277D41CF0DEE200A21238 /* AKTKit.h */ = {isa = PBXFileReference; fileEncoding = 4; lastKnownFileType = sourcecode.c.h; path = AKTKit.h; sourceTree = "<group>"; };
		F8B277D61CF0DEE200A21238 /* AKTAttributeItem.h */ = {isa = PBXFileReference; fileEncoding = 4; lastKnownFileType = sourcecode.c.h; path = AKTAttributeItem.h; sourceTree = "<group>"; };
		F8B277D71CF0DEE200A21238 /* AKTAttributeItem.m */ = {isa = PBXFileReference; fileEncoding = 4; lastKnownFileType = sourcecode.c.objc; path = AKTAttributeItem.m; sourceTree = "<group>"; };
		F8B277D81CF0DEE200A21238 /* AKTLayout.xmind */ = {isa = PBXFileReference; lastKnownFileType = file; path = AKTLayout.xmind; sourceTree = "<group>"; };
		F8B277D91CF0DEE200A21238 /* AKTLayoutAttribute.h */ = {isa = PBXFileReference; fileEncoding = 4; lastKnownFileType = sourcecode.c.h; path = AKTLayoutAttribute.h; sourceTree = "<group>"; };
		F8B277DA1CF0DEE200A21238 /* AKTLayoutAttribute.m */ = {isa = PBXFileReference; fileEncoding = 4; lastKnownFileType = sourcecode.c.objc; path = AKTLayoutAttribute.m; sourceTree = "<group>"; };
		F8B277DB1CF0DEE200A21238 /* AKTLayoutShell.h */ = {isa = PBXFileReference; fileEncoding = 4; lastKnownFileType = sourcecode.c.h; path = AKTLayoutShell.h; sourceTree = "<group>"; };
		F8B277DC1CF0DEE200A21238 /* AKTLayoutShell.m */ = {isa = PBXFileReference; fileEncoding = 4; lastKnownFileType = sourcecode.c.objc; path = AKTLayoutShell.m; sourceTree = "<group>"; };
		F8B277DD1CF0DEE200A21238 /* AKTReferenceConfiguration.h */ = {isa = PBXFileReference; fileEncoding = 4; lastKnownFileType = sourcecode.c.h; path = AKTReferenceConfiguration.h; sourceTree = "<group>"; };
		F8B277DE1CF0DEE200A21238 /* AKTReferenceConfiguration.m */ = {isa = PBXFileReference; fileEncoding = 4; lastKnownFileType = sourcecode.c.objc; path = AKTReferenceConfiguration.m; sourceTree = "<group>"; };
		F8B277DF1CF0DEE200A21238 /* UIView+AKTLayout.h */ = {isa = PBXFileReference; fileEncoding = 4; lastKnownFileType = sourcecode.c.h; path = "UIView+AKTLayout.h"; sourceTree = "<group>"; };
		F8B277E01CF0DEE200A21238 /* UIView+AKTLayout.m */ = {isa = PBXFileReference; fileEncoding = 4; lastKnownFileType = sourcecode.c.objc; path = "UIView+AKTLayout.m"; sourceTree = "<group>"; };
		F8B277E11CF0DEE200A21238 /* AKTPublic.h */ = {isa = PBXFileReference; fileEncoding = 4; lastKnownFileType = sourcecode.c.h; path = AKTPublic.h; sourceTree = "<group>"; };
		F8B277E21CF0DEE200A21238 /* AKTPublic.m */ = {isa = PBXFileReference; fileEncoding = 4; lastKnownFileType = sourcecode.c.objc; path = AKTPublic.m; sourceTree = "<group>"; };
		F8B277E41CF0DEE200A21238 /* UIView+ViewAttribute.h */ = {isa = PBXFileReference; fileEncoding = 4; lastKnownFileType = sourcecode.c.h; path = "UIView+ViewAttribute.h"; sourceTree = "<group>"; };
		F8B277E51CF0DEE200A21238 /* UIView+ViewAttribute.m */ = {isa = PBXFileReference; fileEncoding = 4; lastKnownFileType = sourcecode.c.objc; path = "UIView+ViewAttribute.m"; sourceTree = "<group>"; };
		F8B77AF01CC27C1F00906CB7 /* Test.app */ = {isa = PBXFileReference; explicitFileType = wrapper.application; includeInIndex = 0; path = Test.app; sourceTree = BUILT_PRODUCTS_DIR; };
		F8B77AF41CC27C1F00906CB7 /* main.m */ = {isa = PBXFileReference; lastKnownFileType = sourcecode.c.objc; path = main.m; sourceTree = "<group>"; };
		F8B77AF61CC27C1F00906CB7 /* AppDelegate.h */ = {isa = PBXFileReference; lastKnownFileType = sourcecode.c.h; path = AppDelegate.h; sourceTree = "<group>"; };
		F8B77AF71CC27C1F00906CB7 /* AppDelegate.m */ = {isa = PBXFileReference; lastKnownFileType = sourcecode.c.objc; path = AppDelegate.m; sourceTree = "<group>"; };
		F8B77AF91CC27C1F00906CB7 /* ViewController.h */ = {isa = PBXFileReference; lastKnownFileType = sourcecode.c.h; path = ViewController.h; sourceTree = "<group>"; };
		F8B77AFA1CC27C1F00906CB7 /* ViewController.m */ = {isa = PBXFileReference; lastKnownFileType = sourcecode.c.objc; path = ViewController.m; sourceTree = "<group>"; };
		F8B77AFD1CC27C1F00906CB7 /* Base */ = {isa = PBXFileReference; lastKnownFileType = file.storyboard; name = Base; path = Base.lproj/Main.storyboard; sourceTree = "<group>"; };
		F8B77AFF1CC27C1F00906CB7 /* Assets.xcassets */ = {isa = PBXFileReference; lastKnownFileType = folder.assetcatalog; path = Assets.xcassets; sourceTree = "<group>"; };
		F8B77B021CC27C1F00906CB7 /* Base */ = {isa = PBXFileReference; lastKnownFileType = file.storyboard; name = Base; path = Base.lproj/LaunchScreen.storyboard; sourceTree = "<group>"; };
		F8B77B041CC27C1F00906CB7 /* Info.plist */ = {isa = PBXFileReference; lastKnownFileType = text.plist.xml; path = Info.plist; sourceTree = "<group>"; };
/* End PBXFileReference section */

/* Begin PBXFrameworksBuildPhase section */
		F8B77AED1CC27C1F00906CB7 /* Frameworks */ = {
			isa = PBXFrameworksBuildPhase;
			buildActionMask = 2147483647;
			files = (
			);
			runOnlyForDeploymentPostprocessing = 0;
		};
/* End PBXFrameworksBuildPhase section */

/* Begin PBXGroup section */
		F84A2ECF1CC47F8A001C3F37 /* Masonry */ = {
			isa = PBXGroup;
			children = (
				F84A2ED01CC47F8A001C3F37 /* Info.plist */,
				F84A2ED11CC47F8A001C3F37 /* MASCompositeConstraint.h */,
				F84A2ED21CC47F8A001C3F37 /* MASCompositeConstraint.m */,
				F84A2ED31CC47F8A001C3F37 /* MASConstraint+Private.h */,
				F84A2ED41CC47F8A001C3F37 /* MASConstraint.h */,
				F84A2ED51CC47F8A001C3F37 /* MASConstraint.m */,
				F84A2ED61CC47F8A001C3F37 /* MASConstraintMaker.h */,
				F84A2ED71CC47F8A001C3F37 /* MASConstraintMaker.m */,
				F84A2ED81CC47F8A001C3F37 /* MASLayoutConstraint.h */,
				F84A2ED91CC47F8A001C3F37 /* MASLayoutConstraint.m */,
				F84A2EDA1CC47F8A001C3F37 /* Masonry.h */,
				F84A2EDB1CC47F8A001C3F37 /* MASUtilities.h */,
				F84A2EDC1CC47F8A001C3F37 /* MASViewAttribute.h */,
				F84A2EDD1CC47F8A001C3F37 /* MASViewAttribute.m */,
				F84A2EDE1CC47F8A001C3F37 /* MASViewConstraint.h */,
				F84A2EDF1CC47F8A001C3F37 /* MASViewConstraint.m */,
				F84A2EE01CC47F8A001C3F37 /* NSArray+MASAdditions.h */,
				F84A2EE11CC47F8A001C3F37 /* NSArray+MASAdditions.m */,
				F84A2EE21CC47F8A001C3F37 /* NSArray+MASShorthandAdditions.h */,
				F84A2EE31CC47F8A001C3F37 /* NSLayoutConstraint+MASDebugAdditions.h */,
				F84A2EE41CC47F8A001C3F37 /* NSLayoutConstraint+MASDebugAdditions.m */,
				F84A2EE51CC47F8A001C3F37 /* View+MASAdditions.h */,
				F84A2EE61CC47F8A001C3F37 /* View+MASAdditions.m */,
				F84A2EE71CC47F8A001C3F37 /* View+MASShorthandAdditions.h */,
				F84A2EE81CC47F8A001C3F37 /* ViewController+MASAdditions.h */,
				F84A2EE91CC47F8A001C3F37 /* ViewController+MASAdditions.m */,
			);
			path = Masonry;
			sourceTree = "<group>";
		};
		F8B277A51CF0DEE200A21238 /* AKTKit */ = {
			isa = PBXGroup;
			children = (
				F8B277A61CF0DEE200A21238 /* ARC_File */,
				F8B277E31CF0DEE200A21238 /* MRC_File */,
			);
			name = AKTKit;
			path = ../../AKTKit;
			sourceTree = "<group>";
		};
		F8B277A61CF0DEE200A21238 /* ARC_File */ = {
			isa = PBXGroup;
			children = (
				F8B277A71CF0DEE200A21238 /* AKTCategory */,
				F8B277B71CF0DEE200A21238 /* AKTClass */,
				F8B277D41CF0DEE200A21238 /* AKTKit.h */,
				F8B277D51CF0DEE200A21238 /* AKTLayout */,
				F8B277E11CF0DEE200A21238 /* AKTPublic.h */,
				F8B277E21CF0DEE200A21238 /* AKTPublic.m */,
			);
			path = ARC_File;
			sourceTree = "<group>";
		};
		F8B277A71CF0DEE200A21238 /* AKTCategory */ = {
			isa = PBXGroup;
			children = (
				F8B277A81CF0DEE200A21238 /* AKTCategory.h */,
				F8B277A91CF0DEE200A21238 /* Foundation+Akt */,
				F8B277B01CF0DEE200A21238 /* UIkit+Akt */,
			);
			path = AKTCategory;
			sourceTree = "<group>";
		};
		F8B277A91CF0DEE200A21238 /* Foundation+Akt */ = {
			isa = PBXGroup;
			children = (
				F8B277AA1CF0DEE200A21238 /* NSFileManager+AKTFileManager.h */,
				F8B277AB1CF0DEE200A21238 /* NSFileManager+AKTFileManager.m */,
				F8B277AC1CF0DEE200A21238 /* NSObject+AKT.h */,
				F8B277AD1CF0DEE200A21238 /* NSObject+AKT.m */,
				F8B277AE1CF0DEE200A21238 /* NSString+AKTFilePath.h */,
				F8B277AF1CF0DEE200A21238 /* NSString+AKTFilePath.m */,
			);
			path = "Foundation+Akt";
			sourceTree = "<group>";
		};
		F8B277B01CF0DEE200A21238 /* UIkit+Akt */ = {
			isa = PBXGroup;
			children = (
				F8B277B11CF0DEE200A21238 /* UIImage+AKT.h */,
				F8B277B21CF0DEE200A21238 /* UIImage+AKT.m */,
				F8B277B31CF0DEE200A21238 /* UILabel+Akt.h */,
				F8B277B41CF0DEE200A21238 /* UILabel+Akt.m */,
				F8B277B51CF0DEE200A21238 /* UIView+AKT.h */,
				F8B277B61CF0DEE200A21238 /* UIView+AKT.m */,
			);
			path = "UIkit+Akt";
			sourceTree = "<group>";
		};
		F8B277B71CF0DEE200A21238 /* AKTClass */ = {
			isa = PBXGroup;
			children = (
				F8B277B81CF0DEE200A21238 /* AKTUI */,
			);
			path = AKTClass;
			sourceTree = "<group>";
		};
		F8B277B81CF0DEE200A21238 /* AKTUI */ = {
			isa = PBXGroup;
			children = (
				F8B277B91CF0DEE200A21238 /* AKTImagePicker.h */,
				F8B277BA1CF0DEE200A21238 /* AKTImagePicker.m */,
				F8B277BB1CF0DEE200A21238 /* AKTNavitationController */,
				F8B277C41CF0DEE200A21238 /* AKTScrollView.h */,
				F8B277C51CF0DEE200A21238 /* AKTScrollView.m */,
				F8B277C61CF0DEE200A21238 /* AKTTouchExtendView.h */,
				F8B277C71CF0DEE200A21238 /* AKTTouchExtendView.m */,
				F8B277C81CF0DEE200A21238 /* AKTUI.h */,
				F8B277C91CF0DEE200A21238 /* AKTViewController */,
			);
			path = AKTUI;
			sourceTree = "<group>";
		};
		F8B277BB1CF0DEE200A21238 /* AKTNavitationController */ = {
			isa = PBXGroup;
			children = (
				F8B277BC1CF0DEE200A21238 /* AKTInteractivePop.h */,
				F8B277BD1CF0DEE200A21238 /* AKTInteractivePop.m */,
				F8B277BE1CF0DEE200A21238 /* AKTNavigationController.h */,
				F8B277BF1CF0DEE200A21238 /* AKTNavigationController.m */,
				F8B277C01CF0DEE200A21238 /* AKTNaviPopAnimation.h */,
				F8B277C11CF0DEE200A21238 /* AKTNaviPopAnimation.m */,
				F8B277C21CF0DEE200A21238 /* AKTNaviPushAnimation.h */,
				F8B277C31CF0DEE200A21238 /* AKTNaviPushAnimation.m */,
			);
			path = AKTNavitationController;
			sourceTree = "<group>";
		};
		F8B277C91CF0DEE200A21238 /* AKTViewController */ = {
			isa = PBXGroup;
			children = (
				F8B277CA1CF0DEE200A21238 /* AKTDismissVCAnimation.h */,
				F8B277CB1CF0DEE200A21238 /* AKTDismissVCAnimation.m */,
				F8B277CC1CF0DEE200A21238 /* AKTInteractiveDismiss.h */,
				F8B277CD1CF0DEE200A21238 /* AKTInteractiveDismiss.m */,
				F8B277CE1CF0DEE200A21238 /* AKTNavigationBar.h */,
				F8B277CF1CF0DEE200A21238 /* AKTNavigationBar.m */,
				F8B277D01CF0DEE200A21238 /* AKTPresentVCAnimation.h */,
				F8B277D11CF0DEE200A21238 /* AKTPresentVCAnimation.m */,
				F8B277D21CF0DEE200A21238 /* AKTViewController.h */,
				F8B277D31CF0DEE200A21238 /* AKTViewController.m */,
			);
			path = AKTViewController;
			sourceTree = "<group>";
		};
		F8B277D51CF0DEE200A21238 /* AKTLayout */ = {
			isa = PBXGroup;
			children = (
				F8B277D61CF0DEE200A21238 /* AKTAttributeItem.h */,
				F8B277D71CF0DEE200A21238 /* AKTAttributeItem.m */,
				F8B277D81CF0DEE200A21238 /* AKTLayout.xmind */,
				F8B277D91CF0DEE200A21238 /* AKTLayoutAttribute.h */,
				F8B277DA1CF0DEE200A21238 /* AKTLayoutAttribute.m */,
				F8B277DB1CF0DEE200A21238 /* AKTLayoutShell.h */,
				F8B277DC1CF0DEE200A21238 /* AKTLayoutShell.m */,
				F8B277DD1CF0DEE200A21238 /* AKTReferenceConfiguration.h */,
				F8B277DE1CF0DEE200A21238 /* AKTReferenceConfiguration.m */,
				F8B277DF1CF0DEE200A21238 /* UIView+AKTLayout.h */,
				F8B277E01CF0DEE200A21238 /* UIView+AKTLayout.m */,
			);
			path = AKTLayout;
			sourceTree = "<group>";
		};
		F8B277E31CF0DEE200A21238 /* MRC_File */ = {
			isa = PBXGroup;
			children = (
				F8B277E41CF0DEE200A21238 /* UIView+ViewAttribute.h */,
				F8B277E51CF0DEE200A21238 /* UIView+ViewAttribute.m */,
			);
			path = MRC_File;
			sourceTree = "<group>";
		};
		F8B77AE71CC27C1F00906CB7 = {
			isa = PBXGroup;
			children = (
				F8B77AF21CC27C1F00906CB7 /* Test */,
				F8B77AF11CC27C1F00906CB7 /* Products */,
			);
			sourceTree = "<group>";
		};
		F8B77AF11CC27C1F00906CB7 /* Products */ = {
			isa = PBXGroup;
			children = (
				F8B77AF01CC27C1F00906CB7 /* Test.app */,
			);
			name = Products;
			sourceTree = "<group>";
		};
		F8B77AF21CC27C1F00906CB7 /* Test */ = {
			isa = PBXGroup;
			children = (
				F8B277A51CF0DEE200A21238 /* AKTKit */,
				F84A2ECF1CC47F8A001C3F37 /* Masonry */,
				F8B77AF61CC27C1F00906CB7 /* AppDelegate.h */,
				F8B77AF71CC27C1F00906CB7 /* AppDelegate.m */,
				F8B77AF91CC27C1F00906CB7 /* ViewController.h */,
				F8B77AFA1CC27C1F00906CB7 /* ViewController.m */,
				F8501D771CC72F1500E74759 /* ViewController2.h */,
				F8501D781CC72F1500E74759 /* ViewController2.m */,
				F8B77AFC1CC27C1F00906CB7 /* Main.storyboard */,
				F8B77AFF1CC27C1F00906CB7 /* Assets.xcassets */,
				F8B77B011CC27C1F00906CB7 /* LaunchScreen.storyboard */,
				F8B77B041CC27C1F00906CB7 /* Info.plist */,
				F8B77AF31CC27C1F00906CB7 /* Supporting Files */,
			);
			path = Test;
			sourceTree = "<group>";
		};
		F8B77AF31CC27C1F00906CB7 /* Supporting Files */ = {
			isa = PBXGroup;
			children = (
				F8B77AF41CC27C1F00906CB7 /* main.m */,
			);
			name = "Supporting Files";
			sourceTree = "<group>";
		};
/* End PBXGroup section */

/* Begin PBXNativeTarget section */
		F8B77AEF1CC27C1F00906CB7 /* Test */ = {
			isa = PBXNativeTarget;
			buildConfigurationList = F8B77B071CC27C1F00906CB7 /* Build configuration list for PBXNativeTarget "Test" */;
			buildPhases = (
				F8B77AEC1CC27C1F00906CB7 /* Sources */,
				F8B77AED1CC27C1F00906CB7 /* Frameworks */,
				F8B77AEE1CC27C1F00906CB7 /* Resources */,
			);
			buildRules = (
			);
			dependencies = (
			);
			name = Test;
			productName = Test;
			productReference = F8B77AF01CC27C1F00906CB7 /* Test.app */;
			productType = "com.apple.product-type.application";
		};
/* End PBXNativeTarget section */

/* Begin PBXProject section */
		F8B77AE81CC27C1F00906CB7 /* Project object */ = {
			isa = PBXProject;
			attributes = {
				LastUpgradeCheck = 0730;
				ORGANIZATIONNAME = YaHaoo;
				TargetAttributes = {
					F8B77AEF1CC27C1F00906CB7 = {
						CreatedOnToolsVersion = 7.3;
						DevelopmentTeam = WXT9EC2LVD;
					};
				};
			};
			buildConfigurationList = F8B77AEB1CC27C1F00906CB7 /* Build configuration list for PBXProject "Test" */;
			compatibilityVersion = "Xcode 3.2";
			developmentRegion = English;
			hasScannedForEncodings = 0;
			knownRegions = (
				en,
				Base,
			);
			mainGroup = F8B77AE71CC27C1F00906CB7;
			productRefGroup = F8B77AF11CC27C1F00906CB7 /* Products */;
			projectDirPath = "";
			projectRoot = "";
			targets = (
				F8B77AEF1CC27C1F00906CB7 /* Test */,
			);
		};
/* End PBXProject section */

/* Begin PBXResourcesBuildPhase section */
		F8B77AEE1CC27C1F00906CB7 /* Resources */ = {
			isa = PBXResourcesBuildPhase;
			buildActionMask = 2147483647;
			files = (
				F84A2EEA1CC47F8A001C3F37 /* Info.plist in Resources */,
				F8B77B031CC27C1F00906CB7 /* LaunchScreen.storyboard in Resources */,
				F8B277F91CF0DEE200A21238 /* AKTLayout.xmind in Resources */,
				F8B77B001CC27C1F00906CB7 /* Assets.xcassets in Resources */,
				F8B77AFE1CC27C1F00906CB7 /* Main.storyboard in Resources */,
			);
			runOnlyForDeploymentPostprocessing = 0;
		};
/* End PBXResourcesBuildPhase section */

/* Begin PBXSourcesBuildPhase section */
		F8B77AEC1CC27C1F00906CB7 /* Sources */ = {
			isa = PBXSourcesBuildPhase;
			buildActionMask = 2147483647;
			files = (
				F8B277E91CF0DEE200A21238 /* UIImage+AKT.m in Sources */,
				F8B277ED1CF0DEE200A21238 /* AKTInteractivePop.m in Sources */,
				F84A2EF31CC47F8A001C3F37 /* View+MASAdditions.m in Sources */,
				F8B277EA1CF0DEE200A21238 /* UILabel+Akt.m in Sources */,
				F8B277F11CF0DEE200A21238 /* AKTScrollView.m in Sources */,
				F8B77AFB1CC27C1F00906CB7 /* ViewController.m in Sources */,
				F84A2EF41CC47F8A001C3F37 /* ViewController+MASAdditions.m in Sources */,
				F8B277FA1CF0DEE200A21238 /* AKTLayoutAttribute.m in Sources */,
				F8B277F01CF0DEE200A21238 /* AKTNaviPushAnimation.m in Sources */,
				F8B277FC1CF0DEE200A21238 /* AKTReferenceConfiguration.m in Sources */,
				F84A2EEF1CC47F8A001C3F37 /* MASViewAttribute.m in Sources */,
				F84A2EEB1CC47F8A001C3F37 /* MASCompositeConstraint.m in Sources */,
				F8B277F51CF0DEE200A21238 /* AKTNavigationBar.m in Sources */,
				F8B77AF81CC27C1F00906CB7 /* AppDelegate.m in Sources */,
				F8B277FF1CF0DEE200A21238 /* UIView+ViewAttribute.m in Sources */,
				F8B77AF51CC27C1F00906CB7 /* main.m in Sources */,
				F8B277F71CF0DEE200A21238 /* AKTViewController.m in Sources */,
				F8501D791CC72F1500E74759 /* ViewController2.m in Sources */,
				F84A2EED1CC47F8A001C3F37 /* MASConstraintMaker.m in Sources */,
				F8B277F21CF0DEE200A21238 /* AKTTouchExtendView.m in Sources */,
				F8B277FE1CF0DEE200A21238 /* AKTPublic.m in Sources */,
				F84A2EEC1CC47F8A001C3F37 /* MASConstraint.m in Sources */,
				F84A2EF21CC47F8A001C3F37 /* NSLayoutConstraint+MASDebugAdditions.m in Sources */,
				F8B277F61CF0DEE200A21238 /* AKTPresentVCAnimation.m in Sources */,
				F8B277F41CF0DEE200A21238 /* AKTInteractiveDismiss.m in Sources */,
				F8B277FD1CF0DEE200A21238 /* UIView+AKTLayout.m in Sources */,
				F84A2EEE1CC47F8A001C3F37 /* MASLayoutConstraint.m in Sources */,
				F8B277E71CF0DEE200A21238 /* NSObject+AKT.m in Sources */,
				F8B277EC1CF0DEE200A21238 /* AKTImagePicker.m in Sources */,
				F8B277EB1CF0DEE200A21238 /* UIView+AKT.m in Sources */,
				F8B277EE1CF0DEE200A21238 /* AKTNavigationController.m in Sources */,
				F84A2EF11CC47F8A001C3F37 /* NSArray+MASAdditions.m in Sources */,
				F8B277E61CF0DEE200A21238 /* NSFileManager+AKTFileManager.m in Sources */,
				F8B277EF1CF0DEE200A21238 /* AKTNaviPopAnimation.m in Sources */,
				F8B277F81CF0DEE200A21238 /* AKTAttributeItem.m in Sources */,
				F84A2EF01CC47F8A001C3F37 /* MASViewConstraint.m in Sources */,
				F8B277E81CF0DEE200A21238 /* NSString+AKTFilePath.m in Sources */,
				F8B277FB1CF0DEE200A21238 /* AKTLayoutShell.m in Sources */,
				F8B277F31CF0DEE200A21238 /* AKTDismissVCAnimation.m in Sources */,
			);
			runOnlyForDeploymentPostprocessing = 0;
		};
/* End PBXSourcesBuildPhase section */

/* Begin PBXVariantGroup section */
		F8B77AFC1CC27C1F00906CB7 /* Main.storyboard */ = {
			isa = PBXVariantGroup;
			children = (
				F8B77AFD1CC27C1F00906CB7 /* Base */,
			);
			name = Main.storyboard;
			sourceTree = "<group>";
		};
		F8B77B011CC27C1F00906CB7 /* LaunchScreen.storyboard */ = {
			isa = PBXVariantGroup;
			children = (
				F8B77B021CC27C1F00906CB7 /* Base */,
			);
			name = LaunchScreen.storyboard;
			sourceTree = "<group>";
		};
/* End PBXVariantGroup section */

/* Begin XCBuildConfiguration section */
		F8B77B051CC27C1F00906CB7 /* Debug */ = {
			isa = XCBuildConfiguration;
			buildSettings = {
				ALWAYS_SEARCH_USER_PATHS = NO;
				CLANG_ANALYZER_NONNULL = YES;
				CLANG_CXX_LANGUAGE_STANDARD = "gnu++0x";
				CLANG_CXX_LIBRARY = "libc++";
				CLANG_ENABLE_MODULES = YES;
				CLANG_ENABLE_OBJC_ARC = YES;
				CLANG_WARN_BOOL_CONVERSION = YES;
				CLANG_WARN_CONSTANT_CONVERSION = YES;
				CLANG_WARN_DIRECT_OBJC_ISA_USAGE = YES_ERROR;
				CLANG_WARN_EMPTY_BODY = YES;
				CLANG_WARN_ENUM_CONVERSION = YES;
				CLANG_WARN_INT_CONVERSION = YES;
				CLANG_WARN_OBJC_ROOT_CLASS = YES_ERROR;
				CLANG_WARN_UNREACHABLE_CODE = YES;
				CLANG_WARN__DUPLICATE_METHOD_MATCH = YES;
				"CODE_SIGN_IDENTITY[sdk=iphoneos*]" = "iPhone Developer";
				COPY_PHASE_STRIP = NO;
				DEBUG_INFORMATION_FORMAT = dwarf;
				ENABLE_STRICT_OBJC_MSGSEND = YES;
				ENABLE_TESTABILITY = YES;
				GCC_C_LANGUAGE_STANDARD = gnu99;
				GCC_DYNAMIC_NO_PIC = NO;
				GCC_NO_COMMON_BLOCKS = YES;
				GCC_OPTIMIZATION_LEVEL = 0;
				GCC_PREPROCESSOR_DEFINITIONS = (
					"DEBUG=1",
					"$(inherited)",
				);
				GCC_WARN_64_TO_32_BIT_CONVERSION = YES;
				GCC_WARN_ABOUT_RETURN_TYPE = YES_ERROR;
				GCC_WARN_UNDECLARED_SELECTOR = YES;
				GCC_WARN_UNINITIALIZED_AUTOS = YES_AGGRESSIVE;
				GCC_WARN_UNUSED_FUNCTION = YES;
				GCC_WARN_UNUSED_VARIABLE = YES;
				IPHONEOS_DEPLOYMENT_TARGET = 9.3;
				MTL_ENABLE_DEBUG_INFO = YES;
				ONLY_ACTIVE_ARCH = YES;
				SDKROOT = iphoneos;
			};
			name = Debug;
		};
		F8B77B061CC27C1F00906CB7 /* Release */ = {
			isa = XCBuildConfiguration;
			buildSettings = {
				ALWAYS_SEARCH_USER_PATHS = NO;
				CLANG_ANALYZER_NONNULL = YES;
				CLANG_CXX_LANGUAGE_STANDARD = "gnu++0x";
				CLANG_CXX_LIBRARY = "libc++";
				CLANG_ENABLE_MODULES = YES;
				CLANG_ENABLE_OBJC_ARC = YES;
				CLANG_WARN_BOOL_CONVERSION = YES;
				CLANG_WARN_CONSTANT_CONVERSION = YES;
				CLANG_WARN_DIRECT_OBJC_ISA_USAGE = YES_ERROR;
				CLANG_WARN_EMPTY_BODY = YES;
				CLANG_WARN_ENUM_CONVERSION = YES;
				CLANG_WARN_INT_CONVERSION = YES;
				CLANG_WARN_OBJC_ROOT_CLASS = YES_ERROR;
				CLANG_WARN_UNREACHABLE_CODE = YES;
				CLANG_WARN__DUPLICATE_METHOD_MATCH = YES;
				"CODE_SIGN_IDENTITY[sdk=iphoneos*]" = "iPhone Developer";
				COPY_PHASE_STRIP = NO;
				DEBUG_INFORMATION_FORMAT = "dwarf-with-dsym";
				ENABLE_NS_ASSERTIONS = NO;
				ENABLE_STRICT_OBJC_MSGSEND = YES;
				GCC_C_LANGUAGE_STANDARD = gnu99;
				GCC_NO_COMMON_BLOCKS = YES;
				GCC_WARN_64_TO_32_BIT_CONVERSION = YES;
				GCC_WARN_ABOUT_RETURN_TYPE = YES_ERROR;
				GCC_WARN_UNDECLARED_SELECTOR = YES;
				GCC_WARN_UNINITIALIZED_AUTOS = YES_AGGRESSIVE;
				GCC_WARN_UNUSED_FUNCTION = YES;
				GCC_WARN_UNUSED_VARIABLE = YES;
				IPHONEOS_DEPLOYMENT_TARGET = 9.3;
				MTL_ENABLE_DEBUG_INFO = NO;
				SDKROOT = iphoneos;
				VALIDATE_PRODUCT = YES;
			};
			name = Release;
		};
		F8B77B081CC27C1F00906CB7 /* Debug */ = {
			isa = XCBuildConfiguration;
			buildSettings = {
				ASSETCATALOG_COMPILER_APPICON_NAME = AppIcon;
				CODE_SIGN_IDENTITY = "iPhone Developer";
				INFOPLIST_FILE = Test/Info.plist;
				IPHONEOS_DEPLOYMENT_TARGET = 9.3;
				LD_RUNPATH_SEARCH_PATHS = "$(inherited) @executable_path/Frameworks";
				PRODUCT_BUNDLE_IDENTIFIER = "com.ak-team.Test";
				PRODUCT_NAME = "$(TARGET_NAME)";
			};
			name = Debug;
		};
		F8B77B091CC27C1F00906CB7 /* Release */ = {
			isa = XCBuildConfiguration;
			buildSettings = {
				ASSETCATALOG_COMPILER_APPICON_NAME = AppIcon;
				CODE_SIGN_IDENTITY = "iPhone Developer";
				INFOPLIST_FILE = Test/Info.plist;
				IPHONEOS_DEPLOYMENT_TARGET = 9.3;
				LD_RUNPATH_SEARCH_PATHS = "$(inherited) @executable_path/Frameworks";
				PRODUCT_BUNDLE_IDENTIFIER = "com.ak-team.Test";
				PRODUCT_NAME = "$(TARGET_NAME)";
			};
			name = Release;
		};
/* End XCBuildConfiguration section */

/* Begin XCConfigurationList section */
		F8B77AEB1CC27C1F00906CB7 /* Build configuration list for PBXProject "Test" */ = {
			isa = XCConfigurationList;
			buildConfigurations = (
				F8B77B051CC27C1F00906CB7 /* Debug */,
				F8B77B061CC27C1F00906CB7 /* Release */,
			);
			defaultConfigurationIsVisible = 0;
			defaultConfigurationName = Release;
		};
		F8B77B071CC27C1F00906CB7 /* Build configuration list for PBXNativeTarget "Test" */ = {
			isa = XCConfigurationList;
			buildConfigurations = (
				F8B77B081CC27C1F00906CB7 /* Debug */,
				F8B77B091CC27C1F00906CB7 /* Release */,
			);
			defaultConfigurationIsVisible = 0;
			defaultConfigurationName = Release;
		};
/* End XCConfigurationList section */
	};
	rootObject = F8B77AE81CC27C1F00906CB7 /* Project object */;
}
